
Microsoft Visual Studio Solution File, Format Version 10.00
# Visual Studio 2008
Project("{FAE04EC0-301F-11D3-BF4B-00C04F79EFBC}") = "ServerScheduler", "ServerScheduler\ServerScheduler.csproj", "{24D43367-F944-4AE9-BE3B-67038640AC7F}"
EndProject
Project("{FAE04EC0-301F-11D3-BF4B-00C04F79EFBC}") = "POSDevices", "POSDevices\POSDevices.csproj", "{E019F5FC-683E-42E1-B655-948A94558F7A}"
EndProject
Project("{FAE04EC0-301F-11D3-BF4B-00C04F79EFBC}") = "Synchronizer", "Synchronizer\Synchronizer.csproj", "{3A8A2A3D-230B-4DE5-B167-00CA6C5CB158}"
EndProject
Project("{FAE04EC0-301F-11D3-BF4B-00C04F79EFBC}") = "WinPowerPOS", "WinPowerPOS\WinPowerPOS.csproj", "{7CCA6C57-70AC-41A6-AB21-A8BD4350BE9B}"
EndProject
Project("{FAE04EC0-301F-11D3-BF4B-00C04F79EFBC}") = "WinTestModules", "WinTestModules\WinTestModules.csproj", "{36831F11-65F4-496C-AFE8-13F6F3E47518}"
EndProject
Project("{FAE04EC0-301F-11D3-BF4B-00C04F79EFBC}") = "MassMailer", "MassMailer\MassMailer.csproj", "{02173AA3-3E6D-4320-9EB9-09D1A9FF62A7}"
EndProject
Project("{FAE04EC0-301F-11D3-BF4B-00C04F79EFBC}") = "WinUtility", "WinUtility\WinUtility.csproj", "{FF95AD28-DABD-4E4C-B50A-9FBFB5BB802B}"
EndProject
Project("{FAE04EC0-301F-11D3-BF4B-00C04F79EFBC}") = "PowerPOSLib", "PowerPOSLib\PowerPOSLib.csproj", "{64DBDC7E-DDE7-4BFC-BC41-8BE0F618E35B}"
EndProject
Project("{FAE04EC0-301F-11D3-BF4B-00C04F79EFBC}") = "PowerPOSReports", "PowerPOSReports\PowerPOSReports.csproj", "{77B4EEBB-BF3F-4FB4-B378-13B391257BF8}"
EndProject
Project("{FAE04EC0-301F-11D3-BF4B-00C04F79EFBC}") = "PowerInventory", "PowerInventory\PowerInventory.csproj", "{81D65A4D-6E9A-46AC-9524-4568BE66F20C}"
EndProject
Project("{FAE04EC0-301F-11D3-BF4B-00C04F79EFBC}") = "PowerWeb", "PowerWeb\PowerWeb.csproj", "{5352F6A9-982F-46C6-B16F-BDC7DFCBBC1B}"
EndProject
Project("{FAE04EC0-301F-11D3-BF4B-00C04F79EFBC}") = "WinVoucherBatchGenerator", "WinVoucherBatchGenerator\WinVoucherBatchGenerator.csproj", "{BA2D652F-5364-4C8D-9AC8-CED0C5E6F9AE}"
EndProject
Project("{FAE04EC0-301F-11D3-BF4B-00C04F79EFBC}") = "AttendanceTracker", "AttendanceTracker\AttendanceTracker.csproj", "{3C6C4C51-8705-4837-A89D-2C10758AD600}"
EndProject
Project("{FAE04EC0-301F-11D3-BF4B-00C04F79EFBC}") = "PowerEdge", "PowerEdge\PowerEdge.csproj", "{C29D2491-B91F-4B62-AC98-B50A2F5172EC}"
EndProject
Project("{54435603-DBB4-11D2-8724-00A0C9A8B90C}") = "RetailSetup", "Setup\Setup.vdproj", "{E71B1AD8-B901-40AE-BB21-0E99AC273D6B}"
EndProject
Project("{FAE04EC0-301F-11D3-BF4B-00C04F79EFBC}") = "GenericReport", "GenericReport\GenericReport.csproj", "{7A8933A7-E37A-45FF-94AE-218102B2535A}"
EndProject
Project("{2150E333-8FDC-42A3-9474-1A3956D46DE8}") = "Solution Items", "Solution Items", "{7A36EAAA-5EE4-493D-9670-5A86290BB016}"
	ProjectSection(SolutionItems) = preProject
		LocalTestRun.testrunconfig = LocalTestRun.testrunconfig
		PowerPOS.vsmdi = PowerPOS.vsmdi
	EndProjectSection
EndProject
Project("{FAE04EC0-301F-11D3-BF4B-00C04F79EFBC}") = "ClientSynchronizer", "ClientSynchronizer\ClientSynchronizer.csproj", "{523184A8-0297-4D74-B358-3A74DF85A050}"
EndProject
Project("{FAE04EC0-301F-11D3-BF4B-00C04F79EFBC}") = "Notifier", "Notifier\Notifier.csproj", "{E9FE5E28-4348-4E21-8DA3-90EB735AFC55}"
EndProject
Project("{FAE04EC0-301F-11D3-BF4B-00C04F79EFBC}") = "PointsImporter", "PointsImporter\PointsImporter.csproj", "{15C4090C-0C07-4986-A620-CF0B96341950}"
EndProject
Project("{FAE04EC0-301F-11D3-BF4B-00C04F79EFBC}") = "WincorTest", "WincorTest\WincorTest.csproj", "{62C43F7B-D605-4FFC-9669-5D93CEFC944B}"
EndProject
Project("{FAE04EC0-301F-11D3-BF4B-00C04F79EFBC}") = "ItemUploader", "ItemUploader\ItemUploader.csproj", "{01309E15-AF8A-416F-A761-401B80C05DD6}"
EndProject
Project("{FAE04EC0-301F-11D3-BF4B-00C04F79EFBC}") = "ItemImageUploader", "ItemImageUploader\ItemImageUploader.csproj", "{FE5E4DE6-C9A5-4D33-BA4B-AC196B18BF86}"
EndProject
Project("{FAE04EC0-301F-11D3-BF4B-00C04F79EFBC}") = "ERPIntegration", "ERPIntegration\ERPIntegration.csproj", "{924C3E39-11A7-4FC2-B89A-F985E726902B}"
EndProject
Project("{FAE04EC0-301F-11D3-BF4B-00C04F79EFBC}") = "MallIntegrationPicker", "MallIntegrationPicker\MallIntegrationPicker.csproj", "{C20419F8-2C44-4DDC-8CD3-D248BC39AB8B}"
EndProject
Project("{FAE04EC0-301F-11D3-BF4B-00C04F79EFBC}") = "AppointmentBook", "AppointmentBook\AppointmentBook.csproj", "{CEE1BC1A-0660-4376-AC29-9BBD77C518B6}"
EndProject
Project("{FAE04EC0-301F-11D3-BF4B-00C04F79EFBC}") = "MallIntegrationServerPicker", "MallIntegrationServerPicker\MallIntegrationServerPicker.csproj", "{064F0276-5BD9-4B36-83DB-71F2F83F187B}"
EndProject
Project("{FAE04EC0-301F-11D3-BF4B-00C04F79EFBC}") = "NetsLib", "NetsLib\NetsLib.csproj", "{FCD9AE5A-63DE-4AFB-AC42-1EE9408C4D32}"
EndProject
Project("{FAE04EC0-301F-11D3-BF4B-00C04F79EFBC}") = "CitiLib", "CitiLib\CitiLib.csproj", "{AEF11744-82DF-4F17-A156-B1B597F78EA9}"
EndProject
Project("{E24C65DC-7377-472B-9ABA-BC803B73C61A}") = "WebOrder", "WebOrder\", "{21C69C2F-A083-4A57-9F78-7AAF56CF788F}"
	ProjectSection(WebsiteProperties) = preProject
		TargetFramework = "3.5"
		Debug.AspNetCompiler.VirtualPath = "/WebOrder"
		Debug.AspNetCompiler.PhysicalPath = "WebOrder\"
		Debug.AspNetCompiler.TargetPath = "PrecompiledWeb\WebOrder\"
		Debug.AspNetCompiler.Updateable = "true"
		Debug.AspNetCompiler.ForceOverwrite = "true"
		Debug.AspNetCompiler.FixedNames = "false"
		Debug.AspNetCompiler.Debug = "True"
		Release.AspNetCompiler.VirtualPath = "/WebOrder"
		Release.AspNetCompiler.PhysicalPath = "WebOrder\"
		Release.AspNetCompiler.TargetPath = "PrecompiledWeb\WebOrder\"
		Release.AspNetCompiler.Updateable = "true"
		Release.AspNetCompiler.ForceOverwrite = "true"
		Release.AspNetCompiler.FixedNames = "false"
		Release.AspNetCompiler.Debug = "False"
		VWDPort = "9152"
	EndProjectSection
EndProject
Project("{FAE04EC0-301F-11D3-BF4B-00C04F79EFBC}") = "BarcodePrinter", "BarcodePrinter\BarcodePrinter.csproj", "{F4D8FDC5-065D-4D23-814F-FA3377A6CF6E}"
EndProject
Project("{FAE04EC0-301F-11D3-BF4B-00C04F79EFBC}") = "WinAutoSync", "WinAutoSync\WinAutoSync.csproj", "{2D3CE7B9-F2D7-4D63-B97C-E5D4C0BDEEEE}"
EndProject
Project("{FAE04EC0-301F-11D3-BF4B-00C04F79EFBC}") = "WebServicePDAProxy", "WebServicePDAProxy\WebServicePDAProxy.csproj", "{BE1D8674-9297-4D40-81F3-D128EE1BFEA1}"
EndProject
Global
	GlobalSection(SubversionScc) = preSolution
		Svn-Managed = True
		Manager = AnkhSVN - Subversion Support for Visual Studio
	EndGlobalSection
	GlobalSection(SolutionConfigurationPlatforms) = preSolution
		Debug|.NET = Debug|.NET
		Debug|Any CPU = Debug|Any CPU
		Debug|Mixed Platforms = Debug|Mixed Platforms
		Debug|Win32 = Debug|Win32
		Debug|x64 = Debug|x64
		Debug|x86 = Debug|x86
		Release|.NET = Release|.NET
		Release|Any CPU = Release|Any CPU
		Release|Mixed Platforms = Release|Mixed Platforms
		Release|Win32 = Release|Win32
		Release|x64 = Release|x64
		Release|x86 = Release|x86
	EndGlobalSection
	GlobalSection(ProjectConfigurationPlatforms) = postSolution
		{24D43367-F944-4AE9-BE3B-67038640AC7F}.Debug|.NET.ActiveCfg = Debug|Any CPU
		{24D43367-F944-4AE9-BE3B-67038640AC7F}.Debug|.NET.Build.0 = Debug|Any CPU
		{24D43367-F944-4AE9-BE3B-67038640AC7F}.Debug|Any CPU.ActiveCfg = Debug|Any CPU
		{24D43367-F944-4AE9-BE3B-67038640AC7F}.Debug|Any CPU.Build.0 = Debug|Any CPU
		{24D43367-F944-4AE9-BE3B-67038640AC7F}.Debug|Mixed Platforms.ActiveCfg = Debug|Any CPU
		{24D43367-F944-4AE9-BE3B-67038640AC7F}.Debug|Mixed Platforms.Build.0 = Debug|Any CPU
		{24D43367-F944-4AE9-BE3B-67038640AC7F}.Debug|Win32.ActiveCfg = Debug|x86
		{24D43367-F944-4AE9-BE3B-67038640AC7F}.Debug|x64.ActiveCfg = Debug|Any CPU
		{24D43367-F944-4AE9-BE3B-67038640AC7F}.Debug|x86.ActiveCfg = Debug|x86
		{24D43367-F944-4AE9-BE3B-67038640AC7F}.Debug|x86.Build.0 = Debug|x86
		{24D43367-F944-4AE9-BE3B-67038640AC7F}.Release|.NET.ActiveCfg = Release|Any CPU
		{24D43367-F944-4AE9-BE3B-67038640AC7F}.Release|.NET.Build.0 = Release|Any CPU
		{24D43367-F944-4AE9-BE3B-67038640AC7F}.Release|Any CPU.ActiveCfg = Release|Any CPU
		{24D43367-F944-4AE9-BE3B-67038640AC7F}.Release|Any CPU.Build.0 = Release|Any CPU
		{24D43367-F944-4AE9-BE3B-67038640AC7F}.Release|Mixed Platforms.ActiveCfg = Release|Any CPU
		{24D43367-F944-4AE9-BE3B-67038640AC7F}.Release|Mixed Platforms.Build.0 = Release|Any CPU
		{24D43367-F944-4AE9-BE3B-67038640AC7F}.Release|Win32.ActiveCfg = Release|x86
		{24D43367-F944-4AE9-BE3B-67038640AC7F}.Release|x64.ActiveCfg = Release|Any CPU
		{24D43367-F944-4AE9-BE3B-67038640AC7F}.Release|x64.Build.0 = Release|Any CPU
		{24D43367-F944-4AE9-BE3B-67038640AC7F}.Release|x86.ActiveCfg = Release|x86
		{24D43367-F944-4AE9-BE3B-67038640AC7F}.Release|x86.Build.0 = Release|x86
		{E019F5FC-683E-42E1-B655-948A94558F7A}.Debug|.NET.ActiveCfg = Debug|Any CPU
		{E019F5FC-683E-42E1-B655-948A94558F7A}.Debug|.NET.Build.0 = Debug|Any CPU
		{E019F5FC-683E-42E1-B655-948A94558F7A}.Debug|Any CPU.ActiveCfg = Debug|x86
		{E019F5FC-683E-42E1-B655-948A94558F7A}.Debug|Any CPU.Build.0 = Debug|x86
		{E019F5FC-683E-42E1-B655-948A94558F7A}.Debug|Mixed Platforms.ActiveCfg = Debug|x86
		{E019F5FC-683E-42E1-B655-948A94558F7A}.Debug|Mixed Platforms.Build.0 = Debug|x86
		{E019F5FC-683E-42E1-B655-948A94558F7A}.Debug|Win32.ActiveCfg = Debug|x86
		{E019F5FC-683E-42E1-B655-948A94558F7A}.Debug|x64.ActiveCfg = Debug|Any CPU
		{E019F5FC-683E-42E1-B655-948A94558F7A}.Debug|x86.ActiveCfg = Debug|x86
		{E019F5FC-683E-42E1-B655-948A94558F7A}.Debug|x86.Build.0 = Debug|x86
		{E019F5FC-683E-42E1-B655-948A94558F7A}.Release|.NET.ActiveCfg = Release|Any CPU
		{E019F5FC-683E-42E1-B655-948A94558F7A}.Release|.NET.Build.0 = Release|Any CPU
		{E019F5FC-683E-42E1-B655-948A94558F7A}.Release|Any CPU.ActiveCfg = Release|Any CPU
		{E019F5FC-683E-42E1-B655-948A94558F7A}.Release|Any CPU.Build.0 = Release|Any CPU
		{E019F5FC-683E-42E1-B655-948A94558F7A}.Release|Mixed Platforms.ActiveCfg = Release|Any CPU
		{E019F5FC-683E-42E1-B655-948A94558F7A}.Release|Mixed Platforms.Build.0 = Release|Any CPU
		{E019F5FC-683E-42E1-B655-948A94558F7A}.Release|Win32.ActiveCfg = Release|x86
		{E019F5FC-683E-42E1-B655-948A94558F7A}.Release|x64.ActiveCfg = Release|Any CPU
		{E019F5FC-683E-42E1-B655-948A94558F7A}.Release|x64.Build.0 = Release|Any CPU
		{E019F5FC-683E-42E1-B655-948A94558F7A}.Release|x86.ActiveCfg = Release|x86
		{E019F5FC-683E-42E1-B655-948A94558F7A}.Release|x86.Build.0 = Release|x86
		{3A8A2A3D-230B-4DE5-B167-00CA6C5CB158}.Debug|.NET.ActiveCfg = Debug|Any CPU
		{3A8A2A3D-230B-4DE5-B167-00CA6C5CB158}.Debug|.NET.Build.0 = Debug|Any CPU
		{3A8A2A3D-230B-4DE5-B167-00CA6C5CB158}.Debug|Any CPU.ActiveCfg = Debug|Any CPU
		{3A8A2A3D-230B-4DE5-B167-00CA6C5CB158}.Debug|Any CPU.Build.0 = Debug|Any CPU
		{3A8A2A3D-230B-4DE5-B167-00CA6C5CB158}.Debug|Mixed Platforms.ActiveCfg = Debug|Any CPU
		{3A8A2A3D-230B-4DE5-B167-00CA6C5CB158}.Debug|Mixed Platforms.Build.0 = Debug|Any CPU
		{3A8A2A3D-230B-4DE5-B167-00CA6C5CB158}.Debug|Win32.ActiveCfg = Debug|x86
		{3A8A2A3D-230B-4DE5-B167-00CA6C5CB158}.Debug|x64.ActiveCfg = Debug|Any CPU
		{3A8A2A3D-230B-4DE5-B167-00CA6C5CB158}.Debug|x86.ActiveCfg = Debug|x86
		{3A8A2A3D-230B-4DE5-B167-00CA6C5CB158}.Debug|x86.Build.0 = Debug|x86
		{3A8A2A3D-230B-4DE5-B167-00CA6C5CB158}.Release|.NET.ActiveCfg = Release|Any CPU
		{3A8A2A3D-230B-4DE5-B167-00CA6C5CB158}.Release|.NET.Build.0 = Release|Any CPU
		{3A8A2A3D-230B-4DE5-B167-00CA6C5CB158}.Release|Any CPU.ActiveCfg = Release|Any CPU
		{3A8A2A3D-230B-4DE5-B167-00CA6C5CB158}.Release|Any CPU.Build.0 = Release|Any CPU
		{3A8A2A3D-230B-4DE5-B167-00CA6C5CB158}.Release|Mixed Platforms.ActiveCfg = Release|Any CPU
		{3A8A2A3D-230B-4DE5-B167-00CA6C5CB158}.Release|Mixed Platforms.Build.0 = Release|Any CPU
		{3A8A2A3D-230B-4DE5-B167-00CA6C5CB158}.Release|Win32.ActiveCfg = Release|x86
		{3A8A2A3D-230B-4DE5-B167-00CA6C5CB158}.Release|x64.ActiveCfg = Release|Any CPU
		{3A8A2A3D-230B-4DE5-B167-00CA6C5CB158}.Release|x64.Build.0 = Release|Any CPU
		{3A8A2A3D-230B-4DE5-B167-00CA6C5CB158}.Release|x86.ActiveCfg = Release|x86
		{3A8A2A3D-230B-4DE5-B167-00CA6C5CB158}.Release|x86.Build.0 = Release|x86
		{7CCA6C57-70AC-41A6-AB21-A8BD4350BE9B}.Debug|.NET.ActiveCfg = Debug|Any CPU
		{7CCA6C57-70AC-41A6-AB21-A8BD4350BE9B}.Debug|.NET.Build.0 = Debug|Any CPU
		{7CCA6C57-70AC-41A6-AB21-A8BD4350BE9B}.Debug|Any CPU.ActiveCfg = Debug|x86
		{7CCA6C57-70AC-41A6-AB21-A8BD4350BE9B}.Debug|Any CPU.Build.0 = Debug|x86
		{7CCA6C57-70AC-41A6-AB21-A8BD4350BE9B}.Debug|Mixed Platforms.ActiveCfg = Debug|x86
		{7CCA6C57-70AC-41A6-AB21-A8BD4350BE9B}.Debug|Mixed Platforms.Build.0 = Debug|x86
		{7CCA6C57-70AC-41A6-AB21-A8BD4350BE9B}.Debug|Win32.ActiveCfg = Debug|x86
		{7CCA6C57-70AC-41A6-AB21-A8BD4350BE9B}.Debug|x64.ActiveCfg = Debug|Any CPU
		{7CCA6C57-70AC-41A6-AB21-A8BD4350BE9B}.Debug|x86.ActiveCfg = Debug|x86
		{7CCA6C57-70AC-41A6-AB21-A8BD4350BE9B}.Debug|x86.Build.0 = Debug|x86
		{7CCA6C57-70AC-41A6-AB21-A8BD4350BE9B}.Release|.NET.ActiveCfg = Release|Any CPU
		{7CCA6C57-70AC-41A6-AB21-A8BD4350BE9B}.Release|.NET.Build.0 = Release|Any CPU
		{7CCA6C57-70AC-41A6-AB21-A8BD4350BE9B}.Release|Any CPU.ActiveCfg = Release|x86
		{7CCA6C57-70AC-41A6-AB21-A8BD4350BE9B}.Release|Any CPU.Build.0 = Release|x86
		{7CCA6C57-70AC-41A6-AB21-A8BD4350BE9B}.Release|Mixed Platforms.ActiveCfg = Release|Any CPU
		{7CCA6C57-70AC-41A6-AB21-A8BD4350BE9B}.Release|Mixed Platforms.Build.0 = Release|Any CPU
		{7CCA6C57-70AC-41A6-AB21-A8BD4350BE9B}.Release|Win32.ActiveCfg = Release|x86
		{7CCA6C57-70AC-41A6-AB21-A8BD4350BE9B}.Release|x64.ActiveCfg = Release|Any CPU
		{7CCA6C57-70AC-41A6-AB21-A8BD4350BE9B}.Release|x64.Build.0 = Release|Any CPU
		{7CCA6C57-70AC-41A6-AB21-A8BD4350BE9B}.Release|x86.ActiveCfg = Release|x86
		{7CCA6C57-70AC-41A6-AB21-A8BD4350BE9B}.Release|x86.Build.0 = Release|x86
		{36831F11-65F4-496C-AFE8-13F6F3E47518}.Debug|.NET.ActiveCfg = Debug|Any CPU
		{36831F11-65F4-496C-AFE8-13F6F3E47518}.Debug|.NET.Build.0 = Debug|Any CPU
		{36831F11-65F4-496C-AFE8-13F6F3E47518}.Debug|Any CPU.ActiveCfg = Debug|Any CPU
		{36831F11-65F4-496C-AFE8-13F6F3E47518}.Debug|Any CPU.Build.0 = Debug|Any CPU
		{36831F11-65F4-496C-AFE8-13F6F3E47518}.Debug|Mixed Platforms.ActiveCfg = Debug|Any CPU
		{36831F11-65F4-496C-AFE8-13F6F3E47518}.Debug|Mixed Platforms.Build.0 = Debug|Any CPU
		{36831F11-65F4-496C-AFE8-13F6F3E47518}.Debug|Win32.ActiveCfg = Debug|x86
		{36831F11-65F4-496C-AFE8-13F6F3E47518}.Debug|x64.ActiveCfg = Debug|Any CPU
		{36831F11-65F4-496C-AFE8-13F6F3E47518}.Debug|x86.ActiveCfg = Debug|x86
		{36831F11-65F4-496C-AFE8-13F6F3E47518}.Debug|x86.Build.0 = Debug|x86
		{36831F11-65F4-496C-AFE8-13F6F3E47518}.Release|.NET.ActiveCfg = Release|Any CPU
		{36831F11-65F4-496C-AFE8-13F6F3E47518}.Release|.NET.Build.0 = Release|Any CPU
		{36831F11-65F4-496C-AFE8-13F6F3E47518}.Release|Any CPU.ActiveCfg = Release|Any CPU
		{36831F11-65F4-496C-AFE8-13F6F3E47518}.Release|Any CPU.Build.0 = Release|Any CPU
		{36831F11-65F4-496C-AFE8-13F6F3E47518}.Release|Mixed Platforms.ActiveCfg = Release|Any CPU
		{36831F11-65F4-496C-AFE8-13F6F3E47518}.Release|Mixed Platforms.Build.0 = Release|Any CPU
		{36831F11-65F4-496C-AFE8-13F6F3E47518}.Release|Win32.ActiveCfg = Release|x86
		{36831F11-65F4-496C-AFE8-13F6F3E47518}.Release|x64.ActiveCfg = Release|Any CPU
		{36831F11-65F4-496C-AFE8-13F6F3E47518}.Release|x64.Build.0 = Release|Any CPU
		{36831F11-65F4-496C-AFE8-13F6F3E47518}.Release|x86.ActiveCfg = Release|x86
		{36831F11-65F4-496C-AFE8-13F6F3E47518}.Release|x86.Build.0 = Release|x86
		{02173AA3-3E6D-4320-9EB9-09D1A9FF62A7}.Debug|.NET.ActiveCfg = Debug|Any CPU
		{02173AA3-3E6D-4320-9EB9-09D1A9FF62A7}.Debug|.NET.Build.0 = Debug|Any CPU
		{02173AA3-3E6D-4320-9EB9-09D1A9FF62A7}.Debug|Any CPU.ActiveCfg = Debug|Any CPU
		{02173AA3-3E6D-4320-9EB9-09D1A9FF62A7}.Debug|Any CPU.Build.0 = Debug|Any CPU
		{02173AA3-3E6D-4320-9EB9-09D1A9FF62A7}.Debug|Mixed Platforms.ActiveCfg = Debug|x86
		{02173AA3-3E6D-4320-9EB9-09D1A9FF62A7}.Debug|Mixed Platforms.Build.0 = Debug|x86
		{02173AA3-3E6D-4320-9EB9-09D1A9FF62A7}.Debug|Win32.ActiveCfg = Debug|x86
		{02173AA3-3E6D-4320-9EB9-09D1A9FF62A7}.Debug|x64.ActiveCfg = Debug|Any CPU
		{02173AA3-3E6D-4320-9EB9-09D1A9FF62A7}.Debug|x86.ActiveCfg = Debug|x86
		{02173AA3-3E6D-4320-9EB9-09D1A9FF62A7}.Debug|x86.Build.0 = Debug|x86
		{02173AA3-3E6D-4320-9EB9-09D1A9FF62A7}.Release|.NET.ActiveCfg = Release|Any CPU
		{02173AA3-3E6D-4320-9EB9-09D1A9FF62A7}.Release|.NET.Build.0 = Release|Any CPU
		{02173AA3-3E6D-4320-9EB9-09D1A9FF62A7}.Release|Any CPU.ActiveCfg = Release|Any CPU
		{02173AA3-3E6D-4320-9EB9-09D1A9FF62A7}.Release|Any CPU.Build.0 = Release|Any CPU
		{02173AA3-3E6D-4320-9EB9-09D1A9FF62A7}.Release|Mixed Platforms.ActiveCfg = Release|Any CPU
		{02173AA3-3E6D-4320-9EB9-09D1A9FF62A7}.Release|Mixed Platforms.Build.0 = Release|Any CPU
		{02173AA3-3E6D-4320-9EB9-09D1A9FF62A7}.Release|Win32.ActiveCfg = Release|x86
		{02173AA3-3E6D-4320-9EB9-09D1A9FF62A7}.Release|x64.ActiveCfg = Release|Any CPU
		{02173AA3-3E6D-4320-9EB9-09D1A9FF62A7}.Release|x64.Build.0 = Release|Any CPU
		{02173AA3-3E6D-4320-9EB9-09D1A9FF62A7}.Release|x86.ActiveCfg = Release|x86
		{02173AA3-3E6D-4320-9EB9-09D1A9FF62A7}.Release|x86.Build.0 = Release|x86
		{FF95AD28-DABD-4E4C-B50A-9FBFB5BB802B}.Debug|.NET.ActiveCfg = Debug|Any CPU
		{FF95AD28-DABD-4E4C-B50A-9FBFB5BB802B}.Debug|.NET.Build.0 = Debug|Any CPU
		{FF95AD28-DABD-4E4C-B50A-9FBFB5BB802B}.Debug|Any CPU.ActiveCfg = Debug|Any CPU
		{FF95AD28-DABD-4E4C-B50A-9FBFB5BB802B}.Debug|Any CPU.Build.0 = Debug|Any CPU
		{FF95AD28-DABD-4E4C-B50A-9FBFB5BB802B}.Debug|Mixed Platforms.ActiveCfg = Debug|Any CPU
		{FF95AD28-DABD-4E4C-B50A-9FBFB5BB802B}.Debug|Mixed Platforms.Build.0 = Debug|Any CPU
		{FF95AD28-DABD-4E4C-B50A-9FBFB5BB802B}.Debug|Win32.ActiveCfg = Debug|x86
		{FF95AD28-DABD-4E4C-B50A-9FBFB5BB802B}.Debug|x64.ActiveCfg = Debug|Any CPU
		{FF95AD28-DABD-4E4C-B50A-9FBFB5BB802B}.Debug|x86.ActiveCfg = Debug|x86
		{FF95AD28-DABD-4E4C-B50A-9FBFB5BB802B}.Debug|x86.Build.0 = Debug|x86
		{FF95AD28-DABD-4E4C-B50A-9FBFB5BB802B}.Release|.NET.ActiveCfg = Release|Any CPU
		{FF95AD28-DABD-4E4C-B50A-9FBFB5BB802B}.Release|.NET.Build.0 = Release|Any CPU
		{FF95AD28-DABD-4E4C-B50A-9FBFB5BB802B}.Release|Any CPU.ActiveCfg = Release|Any CPU
		{FF95AD28-DABD-4E4C-B50A-9FBFB5BB802B}.Release|Any CPU.Build.0 = Release|Any CPU
		{FF95AD28-DABD-4E4C-B50A-9FBFB5BB802B}.Release|Mixed Platforms.ActiveCfg = Release|Any CPU
		{FF95AD28-DABD-4E4C-B50A-9FBFB5BB802B}.Release|Mixed Platforms.Build.0 = Release|Any CPU
		{FF95AD28-DABD-4E4C-B50A-9FBFB5BB802B}.Release|Win32.ActiveCfg = Release|x86
		{FF95AD28-DABD-4E4C-B50A-9FBFB5BB802B}.Release|x64.ActiveCfg = Release|Any CPU
		{FF95AD28-DABD-4E4C-B50A-9FBFB5BB802B}.Release|x64.Build.0 = Release|Any CPU
		{FF95AD28-DABD-4E4C-B50A-9FBFB5BB802B}.Release|x86.ActiveCfg = Release|x86
		{FF95AD28-DABD-4E4C-B50A-9FBFB5BB802B}.Release|x86.Build.0 = Release|x86
		{64DBDC7E-DDE7-4BFC-BC41-8BE0F618E35B}.Debug|.NET.ActiveCfg = Debug|Any CPU
		{64DBDC7E-DDE7-4BFC-BC41-8BE0F618E35B}.Debug|.NET.Build.0 = Debug|Any CPU
		{64DBDC7E-DDE7-4BFC-BC41-8BE0F618E35B}.Debug|Any CPU.ActiveCfg = Debug|x86
		{64DBDC7E-DDE7-4BFC-BC41-8BE0F618E35B}.Debug|Any CPU.Build.0 = Debug|x86
		{64DBDC7E-DDE7-4BFC-BC41-8BE0F618E35B}.Debug|Mixed Platforms.ActiveCfg = Debug|x86
		{64DBDC7E-DDE7-4BFC-BC41-8BE0F618E35B}.Debug|Mixed Platforms.Build.0 = Debug|x86
		{64DBDC7E-DDE7-4BFC-BC41-8BE0F618E35B}.Debug|Win32.ActiveCfg = Debug|x86
		{64DBDC7E-DDE7-4BFC-BC41-8BE0F618E35B}.Debug|x64.ActiveCfg = Debug|Any CPU
		{64DBDC7E-DDE7-4BFC-BC41-8BE0F618E35B}.Debug|x86.ActiveCfg = Debug|x86
		{64DBDC7E-DDE7-4BFC-BC41-8BE0F618E35B}.Debug|x86.Build.0 = Debug|x86
		{64DBDC7E-DDE7-4BFC-BC41-8BE0F618E35B}.Release|.NET.ActiveCfg = Release|Any CPU
		{64DBDC7E-DDE7-4BFC-BC41-8BE0F618E35B}.Release|.NET.Build.0 = Release|Any CPU
		{64DBDC7E-DDE7-4BFC-BC41-8BE0F618E35B}.Release|Any CPU.ActiveCfg = Release|Any CPU
		{64DBDC7E-DDE7-4BFC-BC41-8BE0F618E35B}.Release|Any CPU.Build.0 = Release|Any CPU
		{64DBDC7E-DDE7-4BFC-BC41-8BE0F618E35B}.Release|Mixed Platforms.ActiveCfg = Release|Any CPU
		{64DBDC7E-DDE7-4BFC-BC41-8BE0F618E35B}.Release|Mixed Platforms.Build.0 = Release|Any CPU
		{64DBDC7E-DDE7-4BFC-BC41-8BE0F618E35B}.Release|Win32.ActiveCfg = Release|x86
		{64DBDC7E-DDE7-4BFC-BC41-8BE0F618E35B}.Release|x64.ActiveCfg = Release|Any CPU
		{64DBDC7E-DDE7-4BFC-BC41-8BE0F618E35B}.Release|x64.Build.0 = Release|Any CPU
		{64DBDC7E-DDE7-4BFC-BC41-8BE0F618E35B}.Release|x86.ActiveCfg = Release|x86
		{64DBDC7E-DDE7-4BFC-BC41-8BE0F618E35B}.Release|x86.Build.0 = Release|x86
		{77B4EEBB-BF3F-4FB4-B378-13B391257BF8}.Debug|.NET.ActiveCfg = Debug|Any CPU
		{77B4EEBB-BF3F-4FB4-B378-13B391257BF8}.Debug|.NET.Build.0 = Debug|Any CPU
		{77B4EEBB-BF3F-4FB4-B378-13B391257BF8}.Debug|Any CPU.ActiveCfg = Debug|x86
		{77B4EEBB-BF3F-4FB4-B378-13B391257BF8}.Debug|Any CPU.Build.0 = Debug|x86
		{77B4EEBB-BF3F-4FB4-B378-13B391257BF8}.Debug|Mixed Platforms.ActiveCfg = Debug|x86
		{77B4EEBB-BF3F-4FB4-B378-13B391257BF8}.Debug|Mixed Platforms.Build.0 = Debug|x86
		{77B4EEBB-BF3F-4FB4-B378-13B391257BF8}.Debug|Win32.ActiveCfg = Debug|x86
		{77B4EEBB-BF3F-4FB4-B378-13B391257BF8}.Debug|x64.ActiveCfg = Debug|Any CPU
		{77B4EEBB-BF3F-4FB4-B378-13B391257BF8}.Debug|x86.ActiveCfg = Debug|x86
		{77B4EEBB-BF3F-4FB4-B378-13B391257BF8}.Debug|x86.Build.0 = Debug|x86
		{77B4EEBB-BF3F-4FB4-B378-13B391257BF8}.Release|.NET.ActiveCfg = Release|Any CPU
		{77B4EEBB-BF3F-4FB4-B378-13B391257BF8}.Release|.NET.Build.0 = Release|Any CPU
		{77B4EEBB-BF3F-4FB4-B378-13B391257BF8}.Release|Any CPU.ActiveCfg = Release|Any CPU
		{77B4EEBB-BF3F-4FB4-B378-13B391257BF8}.Release|Any CPU.Build.0 = Release|Any CPU
		{77B4EEBB-BF3F-4FB4-B378-13B391257BF8}.Release|Mixed Platforms.ActiveCfg = Release|Any CPU
		{77B4EEBB-BF3F-4FB4-B378-13B391257BF8}.Release|Mixed Platforms.Build.0 = Release|Any CPU
		{77B4EEBB-BF3F-4FB4-B378-13B391257BF8}.Release|Win32.ActiveCfg = Release|x86
		{77B4EEBB-BF3F-4FB4-B378-13B391257BF8}.Release|x64.ActiveCfg = Release|Any CPU
		{77B4EEBB-BF3F-4FB4-B378-13B391257BF8}.Release|x64.Build.0 = Release|Any CPU
		{77B4EEBB-BF3F-4FB4-B378-13B391257BF8}.Release|x86.ActiveCfg = Release|x86
		{77B4EEBB-BF3F-4FB4-B378-13B391257BF8}.Release|x86.Build.0 = Release|x86
		{81D65A4D-6E9A-46AC-9524-4568BE66F20C}.Debug|.NET.ActiveCfg = Debug|Any CPU
		{81D65A4D-6E9A-46AC-9524-4568BE66F20C}.Debug|.NET.Build.0 = Debug|Any CPU
		{81D65A4D-6E9A-46AC-9524-4568BE66F20C}.Debug|Any CPU.ActiveCfg = Debug|x86
		{81D65A4D-6E9A-46AC-9524-4568BE66F20C}.Debug|Any CPU.Build.0 = Debug|x86
		{81D65A4D-6E9A-46AC-9524-4568BE66F20C}.Debug|Mixed Platforms.ActiveCfg = Debug|x86
		{81D65A4D-6E9A-46AC-9524-4568BE66F20C}.Debug|Mixed Platforms.Build.0 = Debug|x86
		{81D65A4D-6E9A-46AC-9524-4568BE66F20C}.Debug|Win32.ActiveCfg = Debug|x86
		{81D65A4D-6E9A-46AC-9524-4568BE66F20C}.Debug|x64.ActiveCfg = Debug|Any CPU
		{81D65A4D-6E9A-46AC-9524-4568BE66F20C}.Debug|x86.ActiveCfg = Debug|x86
		{81D65A4D-6E9A-46AC-9524-4568BE66F20C}.Debug|x86.Build.0 = Debug|x86
		{81D65A4D-6E9A-46AC-9524-4568BE66F20C}.Release|.NET.ActiveCfg = Release|Any CPU
		{81D65A4D-6E9A-46AC-9524-4568BE66F20C}.Release|.NET.Build.0 = Release|Any CPU
		{81D65A4D-6E9A-46AC-9524-4568BE66F20C}.Release|Any CPU.ActiveCfg = Release|Any CPU
		{81D65A4D-6E9A-46AC-9524-4568BE66F20C}.Release|Any CPU.Build.0 = Release|Any CPU
		{81D65A4D-6E9A-46AC-9524-4568BE66F20C}.Release|Mixed Platforms.ActiveCfg = Release|Any CPU
		{81D65A4D-6E9A-46AC-9524-4568BE66F20C}.Release|Mixed Platforms.Build.0 = Release|Any CPU
		{81D65A4D-6E9A-46AC-9524-4568BE66F20C}.Release|Win32.ActiveCfg = Release|x86
		{81D65A4D-6E9A-46AC-9524-4568BE66F20C}.Release|x64.ActiveCfg = Release|Any CPU
		{81D65A4D-6E9A-46AC-9524-4568BE66F20C}.Release|x64.Build.0 = Release|Any CPU
		{81D65A4D-6E9A-46AC-9524-4568BE66F20C}.Release|x86.ActiveCfg = Release|x86
		{81D65A4D-6E9A-46AC-9524-4568BE66F20C}.Release|x86.Build.0 = Release|x86
		{5352F6A9-982F-46C6-B16F-BDC7DFCBBC1B}.Debug|.NET.ActiveCfg = Debug|Any CPU
		{5352F6A9-982F-46C6-B16F-BDC7DFCBBC1B}.Debug|.NET.Build.0 = Debug|Any CPU
		{5352F6A9-982F-46C6-B16F-BDC7DFCBBC1B}.Debug|Any CPU.ActiveCfg = Debug|Any CPU
		{5352F6A9-982F-46C6-B16F-BDC7DFCBBC1B}.Debug|Any CPU.Build.0 = Debug|Any CPU
		{5352F6A9-982F-46C6-B16F-BDC7DFCBBC1B}.Debug|Mixed Platforms.ActiveCfg = Debug|Any CPU
		{5352F6A9-982F-46C6-B16F-BDC7DFCBBC1B}.Debug|Mixed Platforms.Build.0 = Debug|Any CPU
		{5352F6A9-982F-46C6-B16F-BDC7DFCBBC1B}.Debug|Win32.ActiveCfg = Debug|x86
		{5352F6A9-982F-46C6-B16F-BDC7DFCBBC1B}.Debug|x64.ActiveCfg = Debug|Any CPU
		{5352F6A9-982F-46C6-B16F-BDC7DFCBBC1B}.Debug|x86.ActiveCfg = Debug|x86
		{5352F6A9-982F-46C6-B16F-BDC7DFCBBC1B}.Debug|x86.Build.0 = Debug|x86
		{5352F6A9-982F-46C6-B16F-BDC7DFCBBC1B}.Release|.NET.ActiveCfg = Release|Any CPU
		{5352F6A9-982F-46C6-B16F-BDC7DFCBBC1B}.Release|.NET.Build.0 = Release|Any CPU
		{5352F6A9-982F-46C6-B16F-BDC7DFCBBC1B}.Release|Any CPU.ActiveCfg = Release|Any CPU
		{5352F6A9-982F-46C6-B16F-BDC7DFCBBC1B}.Release|Any CPU.Build.0 = Release|Any CPU
		{5352F6A9-982F-46C6-B16F-BDC7DFCBBC1B}.Release|Mixed Platforms.ActiveCfg = Release|Any CPU
		{5352F6A9-982F-46C6-B16F-BDC7DFCBBC1B}.Release|Mixed Platforms.Build.0 = Release|Any CPU
		{5352F6A9-982F-46C6-B16F-BDC7DFCBBC1B}.Release|Win32.ActiveCfg = Release|x86
		{5352F6A9-982F-46C6-B16F-BDC7DFCBBC1B}.Release|x64.ActiveCfg = Release|Any CPU
		{5352F6A9-982F-46C6-B16F-BDC7DFCBBC1B}.Release|x64.Build.0 = Release|Any CPU
		{5352F6A9-982F-46C6-B16F-BDC7DFCBBC1B}.Release|x86.ActiveCfg = Release|Any CPU
		{5352F6A9-982F-46C6-B16F-BDC7DFCBBC1B}.Release|x86.Build.0 = Release|Any CPU
		{BA2D652F-5364-4C8D-9AC8-CED0C5E6F9AE}.Debug|.NET.ActiveCfg = Debug|Any CPU
		{BA2D652F-5364-4C8D-9AC8-CED0C5E6F9AE}.Debug|.NET.Build.0 = Debug|Any CPU
		{BA2D652F-5364-4C8D-9AC8-CED0C5E6F9AE}.Debug|Any CPU.ActiveCfg = Debug|Any CPU
		{BA2D652F-5364-4C8D-9AC8-CED0C5E6F9AE}.Debug|Any CPU.Build.0 = Debug|Any CPU
		{BA2D652F-5364-4C8D-9AC8-CED0C5E6F9AE}.Debug|Mixed Platforms.ActiveCfg = Debug|Any CPU
		{BA2D652F-5364-4C8D-9AC8-CED0C5E6F9AE}.Debug|Mixed Platforms.Build.0 = Debug|Any CPU
		{BA2D652F-5364-4C8D-9AC8-CED0C5E6F9AE}.Debug|Win32.ActiveCfg = Debug|x86
		{BA2D652F-5364-4C8D-9AC8-CED0C5E6F9AE}.Debug|x64.ActiveCfg = Debug|Any CPU
		{BA2D652F-5364-4C8D-9AC8-CED0C5E6F9AE}.Debug|x86.ActiveCfg = Debug|x86
		{BA2D652F-5364-4C8D-9AC8-CED0C5E6F9AE}.Debug|x86.Build.0 = Debug|x86
		{BA2D652F-5364-4C8D-9AC8-CED0C5E6F9AE}.Release|.NET.ActiveCfg = Release|Any CPU
		{BA2D652F-5364-4C8D-9AC8-CED0C5E6F9AE}.Release|.NET.Build.0 = Release|Any CPU
		{BA2D652F-5364-4C8D-9AC8-CED0C5E6F9AE}.Release|Any CPU.ActiveCfg = Release|Any CPU
		{BA2D652F-5364-4C8D-9AC8-CED0C5E6F9AE}.Release|Any CPU.Build.0 = Release|Any CPU
		{BA2D652F-5364-4C8D-9AC8-CED0C5E6F9AE}.Release|Mixed Platforms.ActiveCfg = Release|Any CPU
		{BA2D652F-5364-4C8D-9AC8-CED0C5E6F9AE}.Release|Mixed Platforms.Build.0 = Release|Any CPU
		{BA2D652F-5364-4C8D-9AC8-CED0C5E6F9AE}.Release|Win32.ActiveCfg = Release|x86
		{BA2D652F-5364-4C8D-9AC8-CED0C5E6F9AE}.Release|x64.ActiveCfg = Release|Any CPU
		{BA2D652F-5364-4C8D-9AC8-CED0C5E6F9AE}.Release|x64.Build.0 = Release|Any CPU
		{BA2D652F-5364-4C8D-9AC8-CED0C5E6F9AE}.Release|x86.ActiveCfg = Release|x86
		{BA2D652F-5364-4C8D-9AC8-CED0C5E6F9AE}.Release|x86.Build.0 = Release|x86
		{3C6C4C51-8705-4837-A89D-2C10758AD600}.Debug|.NET.ActiveCfg = Debug|Any CPU
		{3C6C4C51-8705-4837-A89D-2C10758AD600}.Debug|Any CPU.ActiveCfg = Debug|Any CPU
		{3C6C4C51-8705-4837-A89D-2C10758AD600}.Debug|Any CPU.Build.0 = Debug|Any CPU
		{3C6C4C51-8705-4837-A89D-2C10758AD600}.Debug|Mixed Platforms.ActiveCfg = Debug|x86
		{3C6C4C51-8705-4837-A89D-2C10758AD600}.Debug|Mixed Platforms.Build.0 = Debug|x86
		{3C6C4C51-8705-4837-A89D-2C10758AD600}.Debug|Win32.ActiveCfg = Debug|x86
		{3C6C4C51-8705-4837-A89D-2C10758AD600}.Debug|x64.ActiveCfg = Debug|Any CPU
		{3C6C4C51-8705-4837-A89D-2C10758AD600}.Debug|x64.Build.0 = Debug|Any CPU
		{3C6C4C51-8705-4837-A89D-2C10758AD600}.Debug|x86.ActiveCfg = Debug|x86
		{3C6C4C51-8705-4837-A89D-2C10758AD600}.Debug|x86.Build.0 = Debug|x86
		{3C6C4C51-8705-4837-A89D-2C10758AD600}.Release|.NET.ActiveCfg = Release|Any CPU
		{3C6C4C51-8705-4837-A89D-2C10758AD600}.Release|.NET.Build.0 = Release|Any CPU
		{3C6C4C51-8705-4837-A89D-2C10758AD600}.Release|Any CPU.ActiveCfg = Release|Any CPU
		{3C6C4C51-8705-4837-A89D-2C10758AD600}.Release|Any CPU.Build.0 = Release|Any CPU
		{3C6C4C51-8705-4837-A89D-2C10758AD600}.Release|Mixed Platforms.ActiveCfg = Release|Any CPU
		{3C6C4C51-8705-4837-A89D-2C10758AD600}.Release|Mixed Platforms.Build.0 = Release|Any CPU
		{3C6C4C51-8705-4837-A89D-2C10758AD600}.Release|Win32.ActiveCfg = Release|x86
		{3C6C4C51-8705-4837-A89D-2C10758AD600}.Release|x64.ActiveCfg = Release|Any CPU
		{3C6C4C51-8705-4837-A89D-2C10758AD600}.Release|x64.Build.0 = Release|Any CPU
		{3C6C4C51-8705-4837-A89D-2C10758AD600}.Release|x86.ActiveCfg = Release|x86
		{3C6C4C51-8705-4837-A89D-2C10758AD600}.Release|x86.Build.0 = Release|x86
		{C29D2491-B91F-4B62-AC98-B50A2F5172EC}.Debug|.NET.ActiveCfg = Debug|Any CPU
		{C29D2491-B91F-4B62-AC98-B50A2F5172EC}.Debug|Any CPU.ActiveCfg = Debug|x86
		{C29D2491-B91F-4B62-AC98-B50A2F5172EC}.Debug|Any CPU.Build.0 = Debug|x86
		{C29D2491-B91F-4B62-AC98-B50A2F5172EC}.Debug|Mixed Platforms.ActiveCfg = Debug|x86
		{C29D2491-B91F-4B62-AC98-B50A2F5172EC}.Debug|Mixed Platforms.Build.0 = Debug|x86
		{C29D2491-B91F-4B62-AC98-B50A2F5172EC}.Debug|Win32.ActiveCfg = Debug|x86
		{C29D2491-B91F-4B62-AC98-B50A2F5172EC}.Debug|x64.ActiveCfg = Debug|Any CPU
		{C29D2491-B91F-4B62-AC98-B50A2F5172EC}.Debug|x86.ActiveCfg = Debug|x86
		{C29D2491-B91F-4B62-AC98-B50A2F5172EC}.Debug|x86.Build.0 = Debug|x86
		{C29D2491-B91F-4B62-AC98-B50A2F5172EC}.Release|.NET.ActiveCfg = Release|Any CPU
		{C29D2491-B91F-4B62-AC98-B50A2F5172EC}.Release|.NET.Build.0 = Release|Any CPU
		{C29D2491-B91F-4B62-AC98-B50A2F5172EC}.Release|Any CPU.ActiveCfg = Release|Any CPU
		{C29D2491-B91F-4B62-AC98-B50A2F5172EC}.Release|Any CPU.Build.0 = Release|Any CPU
		{C29D2491-B91F-4B62-AC98-B50A2F5172EC}.Release|Mixed Platforms.ActiveCfg = Release|Any CPU
		{C29D2491-B91F-4B62-AC98-B50A2F5172EC}.Release|Mixed Platforms.Build.0 = Release|Any CPU
		{C29D2491-B91F-4B62-AC98-B50A2F5172EC}.Release|Win32.ActiveCfg = Release|x86
		{C29D2491-B91F-4B62-AC98-B50A2F5172EC}.Release|x64.ActiveCfg = Release|Any CPU
		{C29D2491-B91F-4B62-AC98-B50A2F5172EC}.Release|x64.Build.0 = Release|Any CPU
		{C29D2491-B91F-4B62-AC98-B50A2F5172EC}.Release|x86.ActiveCfg = Release|x86
		{C29D2491-B91F-4B62-AC98-B50A2F5172EC}.Release|x86.Build.0 = Release|x86
		{E71B1AD8-B901-40AE-BB21-0E99AC273D6B}.Debug|.NET.ActiveCfg = Debug
		{E71B1AD8-B901-40AE-BB21-0E99AC273D6B}.Debug|Any CPU.ActiveCfg = Debug
		{E71B1AD8-B901-40AE-BB21-0E99AC273D6B}.Debug|Mixed Platforms.ActiveCfg = Debug
		{E71B1AD8-B901-40AE-BB21-0E99AC273D6B}.Debug|Win32.ActiveCfg = Debug
		{E71B1AD8-B901-40AE-BB21-0E99AC273D6B}.Debug|Win32.Build.0 = Debug
		{E71B1AD8-B901-40AE-BB21-0E99AC273D6B}.Debug|x64.ActiveCfg = Debug
		{E71B1AD8-B901-40AE-BB21-0E99AC273D6B}.Debug|x64.Build.0 = Debug
		{E71B1AD8-B901-40AE-BB21-0E99AC273D6B}.Debug|x86.ActiveCfg = Debug
		{E71B1AD8-B901-40AE-BB21-0E99AC273D6B}.Release|.NET.ActiveCfg = Release
		{E71B1AD8-B901-40AE-BB21-0E99AC273D6B}.Release|Any CPU.ActiveCfg = Release
		{E71B1AD8-B901-40AE-BB21-0E99AC273D6B}.Release|Mixed Platforms.ActiveCfg = Release
		{E71B1AD8-B901-40AE-BB21-0E99AC273D6B}.Release|Win32.ActiveCfg = Release
		{E71B1AD8-B901-40AE-BB21-0E99AC273D6B}.Release|Win32.Build.0 = Release
		{E71B1AD8-B901-40AE-BB21-0E99AC273D6B}.Release|x64.ActiveCfg = Release
		{E71B1AD8-B901-40AE-BB21-0E99AC273D6B}.Release|x86.ActiveCfg = Release
		{7A8933A7-E37A-45FF-94AE-218102B2535A}.Debug|.NET.ActiveCfg = Debug|Any CPU
		{7A8933A7-E37A-45FF-94AE-218102B2535A}.Debug|Any CPU.ActiveCfg = Debug|x86
		{7A8933A7-E37A-45FF-94AE-218102B2535A}.Debug|Any CPU.Build.0 = Debug|x86
		{7A8933A7-E37A-45FF-94AE-218102B2535A}.Debug|Mixed Platforms.ActiveCfg = Debug|x86
		{7A8933A7-E37A-45FF-94AE-218102B2535A}.Debug|Mixed Platforms.Build.0 = Debug|x86
		{7A8933A7-E37A-45FF-94AE-218102B2535A}.Debug|Win32.ActiveCfg = Debug|x86
		{7A8933A7-E37A-45FF-94AE-218102B2535A}.Debug|x64.ActiveCfg = Debug|Any CPU
		{7A8933A7-E37A-45FF-94AE-218102B2535A}.Debug|x86.ActiveCfg = Debug|x86
		{7A8933A7-E37A-45FF-94AE-218102B2535A}.Debug|x86.Build.0 = Debug|x86
		{7A8933A7-E37A-45FF-94AE-218102B2535A}.Release|.NET.ActiveCfg = Release|Any CPU
		{7A8933A7-E37A-45FF-94AE-218102B2535A}.Release|.NET.Build.0 = Release|Any CPU
		{7A8933A7-E37A-45FF-94AE-218102B2535A}.Release|Any CPU.ActiveCfg = Release|Any CPU
		{7A8933A7-E37A-45FF-94AE-218102B2535A}.Release|Any CPU.Build.0 = Release|Any CPU
		{7A8933A7-E37A-45FF-94AE-218102B2535A}.Release|Mixed Platforms.ActiveCfg = Release|Any CPU
		{7A8933A7-E37A-45FF-94AE-218102B2535A}.Release|Mixed Platforms.Build.0 = Release|Any CPU
		{7A8933A7-E37A-45FF-94AE-218102B2535A}.Release|Win32.ActiveCfg = Release|x86
		{7A8933A7-E37A-45FF-94AE-218102B2535A}.Release|x64.ActiveCfg = Release|x86
		{7A8933A7-E37A-45FF-94AE-218102B2535A}.Release|x86.ActiveCfg = Release|x86
		{7A8933A7-E37A-45FF-94AE-218102B2535A}.Release|x86.Build.0 = Release|x86
		{523184A8-0297-4D74-B358-3A74DF85A050}.Debug|.NET.ActiveCfg = Debug|x86
		{523184A8-0297-4D74-B358-3A74DF85A050}.Debug|Any CPU.ActiveCfg = Debug|x86
		{523184A8-0297-4D74-B358-3A74DF85A050}.Debug|Any CPU.Build.0 = Debug|x86
		{523184A8-0297-4D74-B358-3A74DF85A050}.Debug|Mixed Platforms.ActiveCfg = Debug|x86
		{523184A8-0297-4D74-B358-3A74DF85A050}.Debug|Mixed Platforms.Build.0 = Debug|x86
		{523184A8-0297-4D74-B358-3A74DF85A050}.Debug|Win32.ActiveCfg = Debug|x86
		{523184A8-0297-4D74-B358-3A74DF85A050}.Debug|x64.ActiveCfg = Debug|x86
		{523184A8-0297-4D74-B358-3A74DF85A050}.Debug|x86.ActiveCfg = Debug|x86
		{523184A8-0297-4D74-B358-3A74DF85A050}.Debug|x86.Build.0 = Debug|x86
		{523184A8-0297-4D74-B358-3A74DF85A050}.Release|.NET.ActiveCfg = Release|x86
		{523184A8-0297-4D74-B358-3A74DF85A050}.Release|Any CPU.ActiveCfg = Release|Any CPU
		{523184A8-0297-4D74-B358-3A74DF85A050}.Release|Any CPU.Build.0 = Release|Any CPU
		{523184A8-0297-4D74-B358-3A74DF85A050}.Release|Mixed Platforms.ActiveCfg = Release|x86
		{523184A8-0297-4D74-B358-3A74DF85A050}.Release|Mixed Platforms.Build.0 = Release|x86
		{523184A8-0297-4D74-B358-3A74DF85A050}.Release|Win32.ActiveCfg = Release|x86
		{523184A8-0297-4D74-B358-3A74DF85A050}.Release|x64.ActiveCfg = Release|x86
		{523184A8-0297-4D74-B358-3A74DF85A050}.Release|x86.ActiveCfg = Release|x86
		{523184A8-0297-4D74-B358-3A74DF85A050}.Release|x86.Build.0 = Release|x86
		{E9FE5E28-4348-4E21-8DA3-90EB735AFC55}.Debug|.NET.ActiveCfg = Debug|x86
		{E9FE5E28-4348-4E21-8DA3-90EB735AFC55}.Debug|Any CPU.ActiveCfg = Debug|Any CPU
		{E9FE5E28-4348-4E21-8DA3-90EB735AFC55}.Debug|Any CPU.Build.0 = Debug|Any CPU
		{E9FE5E28-4348-4E21-8DA3-90EB735AFC55}.Debug|Mixed Platforms.ActiveCfg = Debug|x86
		{E9FE5E28-4348-4E21-8DA3-90EB735AFC55}.Debug|Mixed Platforms.Build.0 = Debug|x86
		{E9FE5E28-4348-4E21-8DA3-90EB735AFC55}.Debug|Win32.ActiveCfg = Debug|x86
		{E9FE5E28-4348-4E21-8DA3-90EB735AFC55}.Debug|x64.ActiveCfg = Debug|x86
		{E9FE5E28-4348-4E21-8DA3-90EB735AFC55}.Debug|x86.ActiveCfg = Debug|x86
		{E9FE5E28-4348-4E21-8DA3-90EB735AFC55}.Debug|x86.Build.0 = Debug|x86
		{E9FE5E28-4348-4E21-8DA3-90EB735AFC55}.Release|.NET.ActiveCfg = Release|x86
		{E9FE5E28-4348-4E21-8DA3-90EB735AFC55}.Release|Any CPU.ActiveCfg = Release|Any CPU
		{E9FE5E28-4348-4E21-8DA3-90EB735AFC55}.Release|Any CPU.Build.0 = Release|Any CPU
		{E9FE5E28-4348-4E21-8DA3-90EB735AFC55}.Release|Mixed Platforms.ActiveCfg = Release|x86
		{E9FE5E28-4348-4E21-8DA3-90EB735AFC55}.Release|Mixed Platforms.Build.0 = Release|x86
		{E9FE5E28-4348-4E21-8DA3-90EB735AFC55}.Release|Win32.ActiveCfg = Release|x86
		{E9FE5E28-4348-4E21-8DA3-90EB735AFC55}.Release|x64.ActiveCfg = Release|x86
		{E9FE5E28-4348-4E21-8DA3-90EB735AFC55}.Release|x86.ActiveCfg = Release|x86
		{E9FE5E28-4348-4E21-8DA3-90EB735AFC55}.Release|x86.Build.0 = Release|x86
		{15C4090C-0C07-4986-A620-CF0B96341950}.Debug|.NET.ActiveCfg = Debug|Any CPU
		{15C4090C-0C07-4986-A620-CF0B96341950}.Debug|Any CPU.ActiveCfg = Debug|Any CPU
		{15C4090C-0C07-4986-A620-CF0B96341950}.Debug|Any CPU.Build.0 = Debug|Any CPU
		{15C4090C-0C07-4986-A620-CF0B96341950}.Debug|Mixed Platforms.ActiveCfg = Debug|Any CPU
		{15C4090C-0C07-4986-A620-CF0B96341950}.Debug|Mixed Platforms.Build.0 = Debug|Any CPU
		{15C4090C-0C07-4986-A620-CF0B96341950}.Debug|Win32.ActiveCfg = Debug|x86
		{15C4090C-0C07-4986-A620-CF0B96341950}.Debug|x64.ActiveCfg = Debug|Any CPU
		{15C4090C-0C07-4986-A620-CF0B96341950}.Debug|x86.ActiveCfg = Debug|Any CPU
		{15C4090C-0C07-4986-A620-CF0B96341950}.Release|.NET.ActiveCfg = Release|Any CPU
		{15C4090C-0C07-4986-A620-CF0B96341950}.Release|Any CPU.ActiveCfg = Release|Any CPU
		{15C4090C-0C07-4986-A620-CF0B96341950}.Release|Any CPU.Build.0 = Release|Any CPU
		{15C4090C-0C07-4986-A620-CF0B96341950}.Release|Mixed Platforms.ActiveCfg = Release|x86
		{15C4090C-0C07-4986-A620-CF0B96341950}.Release|Mixed Platforms.Build.0 = Release|x86
		{15C4090C-0C07-4986-A620-CF0B96341950}.Release|Win32.ActiveCfg = Release|x86
		{15C4090C-0C07-4986-A620-CF0B96341950}.Release|x64.ActiveCfg = Release|Any CPU
		{15C4090C-0C07-4986-A620-CF0B96341950}.Release|x86.ActiveCfg = Release|Any CPU
		{62C43F7B-D605-4FFC-9669-5D93CEFC944B}.Debug|.NET.ActiveCfg = Debug|Any CPU
		{62C43F7B-D605-4FFC-9669-5D93CEFC944B}.Debug|Any CPU.ActiveCfg = Debug|Any CPU
		{62C43F7B-D605-4FFC-9669-5D93CEFC944B}.Debug|Any CPU.Build.0 = Debug|Any CPU
		{62C43F7B-D605-4FFC-9669-5D93CEFC944B}.Debug|Mixed Platforms.ActiveCfg = Debug|Any CPU
		{62C43F7B-D605-4FFC-9669-5D93CEFC944B}.Debug|Mixed Platforms.Build.0 = Debug|Any CPU
		{62C43F7B-D605-4FFC-9669-5D93CEFC944B}.Debug|Win32.ActiveCfg = Debug|Any CPU
		{62C43F7B-D605-4FFC-9669-5D93CEFC944B}.Debug|x64.ActiveCfg = Debug|Any CPU
		{62C43F7B-D605-4FFC-9669-5D93CEFC944B}.Debug|x86.ActiveCfg = Debug|Any CPU
		{62C43F7B-D605-4FFC-9669-5D93CEFC944B}.Release|.NET.ActiveCfg = Release|Any CPU
		{62C43F7B-D605-4FFC-9669-5D93CEFC944B}.Release|Any CPU.ActiveCfg = Release|Any CPU
		{62C43F7B-D605-4FFC-9669-5D93CEFC944B}.Release|Any CPU.Build.0 = Release|Any CPU
		{62C43F7B-D605-4FFC-9669-5D93CEFC944B}.Release|Mixed Platforms.ActiveCfg = Release|Any CPU
		{62C43F7B-D605-4FFC-9669-5D93CEFC944B}.Release|Mixed Platforms.Build.0 = Release|Any CPU
		{62C43F7B-D605-4FFC-9669-5D93CEFC944B}.Release|Win32.ActiveCfg = Release|Any CPU
		{62C43F7B-D605-4FFC-9669-5D93CEFC944B}.Release|x64.ActiveCfg = Release|Any CPU
		{62C43F7B-D605-4FFC-9669-5D93CEFC944B}.Release|x86.ActiveCfg = Release|Any CPU
		{01309E15-AF8A-416F-A761-401B80C05DD6}.Debug|.NET.ActiveCfg = Debug|Any CPU
		{01309E15-AF8A-416F-A761-401B80C05DD6}.Debug|Any CPU.ActiveCfg = Debug|Any CPU
		{01309E15-AF8A-416F-A761-401B80C05DD6}.Debug|Any CPU.Build.0 = Debug|Any CPU
		{01309E15-AF8A-416F-A761-401B80C05DD6}.Debug|Mixed Platforms.ActiveCfg = Debug|Any CPU
		{01309E15-AF8A-416F-A761-401B80C05DD6}.Debug|Mixed Platforms.Build.0 = Debug|Any CPU
		{01309E15-AF8A-416F-A761-401B80C05DD6}.Debug|Win32.ActiveCfg = Debug|Any CPU
		{01309E15-AF8A-416F-A761-401B80C05DD6}.Debug|x64.ActiveCfg = Debug|Any CPU
		{01309E15-AF8A-416F-A761-401B80C05DD6}.Debug|x86.ActiveCfg = Debug|Any CPU
		{01309E15-AF8A-416F-A761-401B80C05DD6}.Release|.NET.ActiveCfg = Release|Any CPU
		{01309E15-AF8A-416F-A761-401B80C05DD6}.Release|Any CPU.ActiveCfg = Release|Any CPU
		{01309E15-AF8A-416F-A761-401B80C05DD6}.Release|Any CPU.Build.0 = Release|Any CPU
		{01309E15-AF8A-416F-A761-401B80C05DD6}.Release|Mixed Platforms.ActiveCfg = Release|Any CPU
		{01309E15-AF8A-416F-A761-401B80C05DD6}.Release|Mixed Platforms.Build.0 = Release|Any CPU
		{01309E15-AF8A-416F-A761-401B80C05DD6}.Release|Win32.ActiveCfg = Release|Any CPU
		{01309E15-AF8A-416F-A761-401B80C05DD6}.Release|x64.ActiveCfg = Release|Any CPU
		{01309E15-AF8A-416F-A761-401B80C05DD6}.Release|x86.ActiveCfg = Release|Any CPU
		{FE5E4DE6-C9A5-4D33-BA4B-AC196B18BF86}.Debug|.NET.ActiveCfg = Debug|Any CPU
		{FE5E4DE6-C9A5-4D33-BA4B-AC196B18BF86}.Debug|Any CPU.ActiveCfg = Debug|Any CPU
		{FE5E4DE6-C9A5-4D33-BA4B-AC196B18BF86}.Debug|Any CPU.Build.0 = Debug|Any CPU
		{FE5E4DE6-C9A5-4D33-BA4B-AC196B18BF86}.Debug|Mixed Platforms.ActiveCfg = Debug|Any CPU
		{FE5E4DE6-C9A5-4D33-BA4B-AC196B18BF86}.Debug|Mixed Platforms.Build.0 = Debug|Any CPU
		{FE5E4DE6-C9A5-4D33-BA4B-AC196B18BF86}.Debug|Win32.ActiveCfg = Debug|Any CPU
		{FE5E4DE6-C9A5-4D33-BA4B-AC196B18BF86}.Debug|x64.ActiveCfg = Debug|Any CPU
		{FE5E4DE6-C9A5-4D33-BA4B-AC196B18BF86}.Debug|x86.ActiveCfg = Debug|Any CPU
		{FE5E4DE6-C9A5-4D33-BA4B-AC196B18BF86}.Release|.NET.ActiveCfg = Release|Any CPU
		{FE5E4DE6-C9A5-4D33-BA4B-AC196B18BF86}.Release|Any CPU.ActiveCfg = Release|Any CPU
		{FE5E4DE6-C9A5-4D33-BA4B-AC196B18BF86}.Release|Any CPU.Build.0 = Release|Any CPU
		{FE5E4DE6-C9A5-4D33-BA4B-AC196B18BF86}.Release|Mixed Platforms.ActiveCfg = Release|Any CPU
		{FE5E4DE6-C9A5-4D33-BA4B-AC196B18BF86}.Release|Mixed Platforms.Build.0 = Release|Any CPU
		{FE5E4DE6-C9A5-4D33-BA4B-AC196B18BF86}.Release|Win32.ActiveCfg = Release|Any CPU
		{FE5E4DE6-C9A5-4D33-BA4B-AC196B18BF86}.Release|x64.ActiveCfg = Release|Any CPU
		{FE5E4DE6-C9A5-4D33-BA4B-AC196B18BF86}.Release|x86.ActiveCfg = Release|Any CPU
		{924C3E39-11A7-4FC2-B89A-F985E726902B}.Debug|.NET.ActiveCfg = Debug|Any CPU
		{924C3E39-11A7-4FC2-B89A-F985E726902B}.Debug|Any CPU.ActiveCfg = Debug|x86
		{924C3E39-11A7-4FC2-B89A-F985E726902B}.Debug|Any CPU.Build.0 = Debug|x86
		{924C3E39-11A7-4FC2-B89A-F985E726902B}.Debug|Mixed Platforms.ActiveCfg = Debug|Any CPU
		{924C3E39-11A7-4FC2-B89A-F985E726902B}.Debug|Mixed Platforms.Build.0 = Debug|Any CPU
		{924C3E39-11A7-4FC2-B89A-F985E726902B}.Debug|Win32.ActiveCfg = Debug|x86
		{924C3E39-11A7-4FC2-B89A-F985E726902B}.Debug|x64.ActiveCfg = Debug|Any CPU
		{924C3E39-11A7-4FC2-B89A-F985E726902B}.Debug|x86.ActiveCfg = Debug|Any CPU
		{924C3E39-11A7-4FC2-B89A-F985E726902B}.Release|.NET.ActiveCfg = Release|Any CPU
		{924C3E39-11A7-4FC2-B89A-F985E726902B}.Release|Any CPU.ActiveCfg = Release|x86
		{924C3E39-11A7-4FC2-B89A-F985E726902B}.Release|Any CPU.Build.0 = Release|x86
		{924C3E39-11A7-4FC2-B89A-F985E726902B}.Release|Mixed Platforms.ActiveCfg = Release|Any CPU
		{924C3E39-11A7-4FC2-B89A-F985E726902B}.Release|Mixed Platforms.Build.0 = Release|Any CPU
		{924C3E39-11A7-4FC2-B89A-F985E726902B}.Release|Win32.ActiveCfg = Release|x86
		{924C3E39-11A7-4FC2-B89A-F985E726902B}.Release|x64.ActiveCfg = Release|Any CPU
		{924C3E39-11A7-4FC2-B89A-F985E726902B}.Release|x86.ActiveCfg = Release|Any CPU
		{C20419F8-2C44-4DDC-8CD3-D248BC39AB8B}.Debug|.NET.ActiveCfg = Debug|Any CPU
		{C20419F8-2C44-4DDC-8CD3-D248BC39AB8B}.Debug|Any CPU.ActiveCfg = Debug|Any CPU
		{C20419F8-2C44-4DDC-8CD3-D248BC39AB8B}.Debug|Any CPU.Build.0 = Debug|Any CPU
		{C20419F8-2C44-4DDC-8CD3-D248BC39AB8B}.Debug|Mixed Platforms.ActiveCfg = Debug|Any CPU
		{C20419F8-2C44-4DDC-8CD3-D248BC39AB8B}.Debug|Mixed Platforms.Build.0 = Debug|Any CPU
		{C20419F8-2C44-4DDC-8CD3-D248BC39AB8B}.Debug|Win32.ActiveCfg = Debug|Any CPU
		{C20419F8-2C44-4DDC-8CD3-D248BC39AB8B}.Debug|x64.ActiveCfg = Debug|Any CPU
		{C20419F8-2C44-4DDC-8CD3-D248BC39AB8B}.Debug|x86.ActiveCfg = Debug|Any CPU
		{C20419F8-2C44-4DDC-8CD3-D248BC39AB8B}.Release|.NET.ActiveCfg = Release|Any CPU
		{C20419F8-2C44-4DDC-8CD3-D248BC39AB8B}.Release|Any CPU.ActiveCfg = Release|Any CPU
		{C20419F8-2C44-4DDC-8CD3-D248BC39AB8B}.Release|Any CPU.Build.0 = Release|Any CPU
		{C20419F8-2C44-4DDC-8CD3-D248BC39AB8B}.Release|Mixed Platforms.ActiveCfg = Release|Any CPU
		{C20419F8-2C44-4DDC-8CD3-D248BC39AB8B}.Release|Mixed Platforms.Build.0 = Release|Any CPU
		{C20419F8-2C44-4DDC-8CD3-D248BC39AB8B}.Release|Win32.ActiveCfg = Release|Any CPU
		{C20419F8-2C44-4DDC-8CD3-D248BC39AB8B}.Release|x64.ActiveCfg = Release|Any CPU
		{C20419F8-2C44-4DDC-8CD3-D248BC39AB8B}.Release|x86.ActiveCfg = Release|Any CPU
		{CEE1BC1A-0660-4376-AC29-9BBD77C518B6}.Debug|.NET.ActiveCfg = Debug|Any CPU
		{CEE1BC1A-0660-4376-AC29-9BBD77C518B6}.Debug|Any CPU.ActiveCfg = Debug|x86
		{CEE1BC1A-0660-4376-AC29-9BBD77C518B6}.Debug|Any CPU.Build.0 = Debug|x86
		{CEE1BC1A-0660-4376-AC29-9BBD77C518B6}.Debug|Mixed Platforms.ActiveCfg = Debug|Any CPU
		{CEE1BC1A-0660-4376-AC29-9BBD77C518B6}.Debug|Mixed Platforms.Build.0 = Debug|Any CPU
		{CEE1BC1A-0660-4376-AC29-9BBD77C518B6}.Debug|Win32.ActiveCfg = Debug|x86
		{CEE1BC1A-0660-4376-AC29-9BBD77C518B6}.Debug|x64.ActiveCfg = Debug|Any CPU
		{CEE1BC1A-0660-4376-AC29-9BBD77C518B6}.Debug|x86.ActiveCfg = Debug|Any CPU
		{CEE1BC1A-0660-4376-AC29-9BBD77C518B6}.Release|.NET.ActiveCfg = Release|Any CPU
		{CEE1BC1A-0660-4376-AC29-9BBD77C518B6}.Release|Any CPU.ActiveCfg = Release|x86
		{CEE1BC1A-0660-4376-AC29-9BBD77C518B6}.Release|Any CPU.Build.0 = Release|x86
		{CEE1BC1A-0660-4376-AC29-9BBD77C518B6}.Release|Mixed Platforms.ActiveCfg = Release|Any CPU
		{CEE1BC1A-0660-4376-AC29-9BBD77C518B6}.Release|Mixed Platforms.Build.0 = Release|Any CPU
		{CEE1BC1A-0660-4376-AC29-9BBD77C518B6}.Release|Win32.ActiveCfg = Release|x86
		{CEE1BC1A-0660-4376-AC29-9BBD77C518B6}.Release|x64.ActiveCfg = Release|Any CPU
		{CEE1BC1A-0660-4376-AC29-9BBD77C518B6}.Release|x86.ActiveCfg = Release|Any CPU
		{064F0276-5BD9-4B36-83DB-71F2F83F187B}.Debug|.NET.ActiveCfg = Debug|Any CPU
		{064F0276-5BD9-4B36-83DB-71F2F83F187B}.Debug|Any CPU.ActiveCfg = Debug|Any CPU
		{064F0276-5BD9-4B36-83DB-71F2F83F187B}.Debug|Any CPU.Build.0 = Debug|Any CPU
		{064F0276-5BD9-4B36-83DB-71F2F83F187B}.Debug|Mixed Platforms.ActiveCfg = Debug|Any CPU
		{064F0276-5BD9-4B36-83DB-71F2F83F187B}.Debug|Mixed Platforms.Build.0 = Debug|Any CPU
		{064F0276-5BD9-4B36-83DB-71F2F83F187B}.Debug|Win32.ActiveCfg = Debug|Any CPU
		{064F0276-5BD9-4B36-83DB-71F2F83F187B}.Debug|x64.ActiveCfg = Debug|Any CPU
		{064F0276-5BD9-4B36-83DB-71F2F83F187B}.Debug|x86.ActiveCfg = Debug|Any CPU
		{064F0276-5BD9-4B36-83DB-71F2F83F187B}.Release|.NET.ActiveCfg = Release|Any CPU
		{064F0276-5BD9-4B36-83DB-71F2F83F187B}.Release|Any CPU.ActiveCfg = Release|Any CPU
		{064F0276-5BD9-4B36-83DB-71F2F83F187B}.Release|Any CPU.Build.0 = Release|Any CPU
		{064F0276-5BD9-4B36-83DB-71F2F83F187B}.Release|Mixed Platforms.ActiveCfg = Release|Any CPU
		{064F0276-5BD9-4B36-83DB-71F2F83F187B}.Release|Mixed Platforms.Build.0 = Release|Any CPU
		{064F0276-5BD9-4B36-83DB-71F2F83F187B}.Release|Win32.ActiveCfg = Release|Any CPU
		{064F0276-5BD9-4B36-83DB-71F2F83F187B}.Release|x64.ActiveCfg = Release|Any CPU
		{064F0276-5BD9-4B36-83DB-71F2F83F187B}.Release|x86.ActiveCfg = Release|Any CPU
		{FCD9AE5A-63DE-4AFB-AC42-1EE9408C4D32}.Debug|.NET.ActiveCfg = Debug|Any CPU
		{FCD9AE5A-63DE-4AFB-AC42-1EE9408C4D32}.Debug|Any CPU.ActiveCfg = Debug|Any CPU
		{FCD9AE5A-63DE-4AFB-AC42-1EE9408C4D32}.Debug|Any CPU.Build.0 = Debug|Any CPU
		{FCD9AE5A-63DE-4AFB-AC42-1EE9408C4D32}.Debug|Mixed Platforms.ActiveCfg = Debug|Any CPU
		{FCD9AE5A-63DE-4AFB-AC42-1EE9408C4D32}.Debug|Mixed Platforms.Build.0 = Debug|Any CPU
		{FCD9AE5A-63DE-4AFB-AC42-1EE9408C4D32}.Debug|Win32.ActiveCfg = Debug|Any CPU
		{FCD9AE5A-63DE-4AFB-AC42-1EE9408C4D32}.Debug|x64.ActiveCfg = Debug|Any CPU
		{FCD9AE5A-63DE-4AFB-AC42-1EE9408C4D32}.Debug|x86.ActiveCfg = Debug|Any CPU
		{FCD9AE5A-63DE-4AFB-AC42-1EE9408C4D32}.Release|.NET.ActiveCfg = Release|Any CPU
		{FCD9AE5A-63DE-4AFB-AC42-1EE9408C4D32}.Release|Any CPU.ActiveCfg = Release|Any CPU
		{FCD9AE5A-63DE-4AFB-AC42-1EE9408C4D32}.Release|Any CPU.Build.0 = Release|Any CPU
		{FCD9AE5A-63DE-4AFB-AC42-1EE9408C4D32}.Release|Mixed Platforms.ActiveCfg = Release|Any CPU
		{FCD9AE5A-63DE-4AFB-AC42-1EE9408C4D32}.Release|Mixed Platforms.Build.0 = Release|Any CPU
		{FCD9AE5A-63DE-4AFB-AC42-1EE9408C4D32}.Release|Win32.ActiveCfg = Release|Any CPU
		{FCD9AE5A-63DE-4AFB-AC42-1EE9408C4D32}.Release|x64.ActiveCfg = Release|Any CPU
		{FCD9AE5A-63DE-4AFB-AC42-1EE9408C4D32}.Release|x86.ActiveCfg = Release|Any CPU
		{AEF11744-82DF-4F17-A156-B1B597F78EA9}.Debug|.NET.ActiveCfg = Debug|Any CPU
		{AEF11744-82DF-4F17-A156-B1B597F78EA9}.Debug|Any CPU.ActiveCfg = Debug|Any CPU
		{AEF11744-82DF-4F17-A156-B1B597F78EA9}.Debug|Any CPU.Build.0 = Debug|Any CPU
		{AEF11744-82DF-4F17-A156-B1B597F78EA9}.Debug|Mixed Platforms.ActiveCfg = Debug|Any CPU
		{AEF11744-82DF-4F17-A156-B1B597F78EA9}.Debug|Mixed Platforms.Build.0 = Debug|Any CPU
		{AEF11744-82DF-4F17-A156-B1B597F78EA9}.Debug|Win32.ActiveCfg = Debug|Any CPU
		{AEF11744-82DF-4F17-A156-B1B597F78EA9}.Debug|x64.ActiveCfg = Debug|Any CPU
		{AEF11744-82DF-4F17-A156-B1B597F78EA9}.Debug|x86.ActiveCfg = Debug|Any CPU
		{AEF11744-82DF-4F17-A156-B1B597F78EA9}.Release|.NET.ActiveCfg = Release|Any CPU
		{AEF11744-82DF-4F17-A156-B1B597F78EA9}.Release|Any CPU.ActiveCfg = Release|Any CPU
		{AEF11744-82DF-4F17-A156-B1B597F78EA9}.Release|Any CPU.Build.0 = Release|Any CPU
		{AEF11744-82DF-4F17-A156-B1B597F78EA9}.Release|Mixed Platforms.ActiveCfg = Release|Any CPU
		{AEF11744-82DF-4F17-A156-B1B597F78EA9}.Release|Mixed Platforms.Build.0 = Release|Any CPU
		{AEF11744-82DF-4F17-A156-B1B597F78EA9}.Release|Win32.ActiveCfg = Release|Any CPU
		{AEF11744-82DF-4F17-A156-B1B597F78EA9}.Release|x64.ActiveCfg = Release|Any CPU
		{AEF11744-82DF-4F17-A156-B1B597F78EA9}.Release|x86.ActiveCfg = Release|Any CPU
		{21C69C2F-A083-4A57-9F78-7AAF56CF788F}.Debug|.NET.ActiveCfg = Debug|Any CPU
		{21C69C2F-A083-4A57-9F78-7AAF56CF788F}.Debug|Any CPU.ActiveCfg = Debug|Any CPU
		{21C69C2F-A083-4A57-9F78-7AAF56CF788F}.Debug|Any CPU.Build.0 = Debug|Any CPU
		{21C69C2F-A083-4A57-9F78-7AAF56CF788F}.Debug|Mixed Platforms.ActiveCfg = Debug|Any CPU
		{21C69C2F-A083-4A57-9F78-7AAF56CF788F}.Debug|Mixed Platforms.Build.0 = Debug|Any CPU
		{21C69C2F-A083-4A57-9F78-7AAF56CF788F}.Debug|Win32.ActiveCfg = Debug|Any CPU
		{21C69C2F-A083-4A57-9F78-7AAF56CF788F}.Debug|x64.ActiveCfg = Debug|Any CPU
		{21C69C2F-A083-4A57-9F78-7AAF56CF788F}.Debug|x86.ActiveCfg = Debug|Any CPU
		{21C69C2F-A083-4A57-9F78-7AAF56CF788F}.Release|.NET.ActiveCfg = Debug|Any CPU
		{21C69C2F-A083-4A57-9F78-7AAF56CF788F}.Release|Any CPU.ActiveCfg = Debug|Any CPU
		{21C69C2F-A083-4A57-9F78-7AAF56CF788F}.Release|Any CPU.Build.0 = Debug|Any CPU
		{21C69C2F-A083-4A57-9F78-7AAF56CF788F}.Release|Mixed Platforms.ActiveCfg = Debug|Any CPU
		{21C69C2F-A083-4A57-9F78-7AAF56CF788F}.Release|Mixed Platforms.Build.0 = Debug|Any CPU
		{21C69C2F-A083-4A57-9F78-7AAF56CF788F}.Release|Win32.ActiveCfg = Debug|Any CPU
		{21C69C2F-A083-4A57-9F78-7AAF56CF788F}.Release|x64.ActiveCfg = Debug|Any CPU
		{21C69C2F-A083-4A57-9F78-7AAF56CF788F}.Release|x86.ActiveCfg = Debug|Any CPU
		{F4D8FDC5-065D-4D23-814F-FA3377A6CF6E}.Debug|.NET.ActiveCfg = Debug|Any CPU
		{F4D8FDC5-065D-4D23-814F-FA3377A6CF6E}.Debug|Any CPU.ActiveCfg = Debug|Any CPU
		{F4D8FDC5-065D-4D23-814F-FA3377A6CF6E}.Debug|Any CPU.Build.0 = Debug|Any CPU
		{F4D8FDC5-065D-4D23-814F-FA3377A6CF6E}.Debug|Mixed Platforms.ActiveCfg = Debug|Any CPU
		{F4D8FDC5-065D-4D23-814F-FA3377A6CF6E}.Debug|Mixed Platforms.Build.0 = Debug|Any CPU
		{F4D8FDC5-065D-4D23-814F-FA3377A6CF6E}.Debug|Win32.ActiveCfg = Debug|Any CPU
		{F4D8FDC5-065D-4D23-814F-FA3377A6CF6E}.Debug|x64.ActiveCfg = Debug|Any CPU
		{F4D8FDC5-065D-4D23-814F-FA3377A6CF6E}.Debug|x86.ActiveCfg = Debug|Any CPU
		{F4D8FDC5-065D-4D23-814F-FA3377A6CF6E}.Release|.NET.ActiveCfg = Release|Any CPU
		{F4D8FDC5-065D-4D23-814F-FA3377A6CF6E}.Release|Any CPU.ActiveCfg = Release|Any CPU
		{F4D8FDC5-065D-4D23-814F-FA3377A6CF6E}.Release|Any CPU.Build.0 = Release|Any CPU
		{F4D8FDC5-065D-4D23-814F-FA3377A6CF6E}.Release|Mixed Platforms.ActiveCfg = Release|Any CPU
		{F4D8FDC5-065D-4D23-814F-FA3377A6CF6E}.Release|Mixed Platforms.Build.0 = Release|Any CPU
		{F4D8FDC5-065D-4D23-814F-FA3377A6CF6E}.Release|Win32.ActiveCfg = Release|Any CPU
		{F4D8FDC5-065D-4D23-814F-FA3377A6CF6E}.Release|x64.ActiveCfg = Release|Any CPU
		{F4D8FDC5-065D-4D23-814F-FA3377A6CF6E}.Release|x86.ActiveCfg = Release|Any CPU
		{2D3CE7B9-F2D7-4D63-B97C-E5D4C0BDEEEE}.Debug|.NET.ActiveCfg = Debug|Any CPU
		{2D3CE7B9-F2D7-4D63-B97C-E5D4C0BDEEEE}.Debug|Any CPU.ActiveCfg = Debug|Any CPU
		{2D3CE7B9-F2D7-4D63-B97C-E5D4C0BDEEEE}.Debug|Any CPU.Build.0 = Debug|Any CPU
		{2D3CE7B9-F2D7-4D63-B97C-E5D4C0BDEEEE}.Debug|Mixed Platforms.ActiveCfg = Debug|Any CPU
		{2D3CE7B9-F2D7-4D63-B97C-E5D4C0BDEEEE}.Debug|Mixed Platforms.Build.0 = Debug|Any CPU
		{2D3CE7B9-F2D7-4D63-B97C-E5D4C0BDEEEE}.Debug|Win32.ActiveCfg = Debug|Any CPU
		{2D3CE7B9-F2D7-4D63-B97C-E5D4C0BDEEEE}.Debug|x64.ActiveCfg = Debug|Any CPU
		{2D3CE7B9-F2D7-4D63-B97C-E5D4C0BDEEEE}.Debug|x86.ActiveCfg = Debug|Any CPU
		{2D3CE7B9-F2D7-4D63-B97C-E5D4C0BDEEEE}.Release|.NET.ActiveCfg = Release|Any CPU
		{2D3CE7B9-F2D7-4D63-B97C-E5D4C0BDEEEE}.Release|Any CPU.ActiveCfg = Release|Any CPU
		{2D3CE7B9-F2D7-4D63-B97C-E5D4C0BDEEEE}.Release|Any CPU.Build.0 = Release|Any CPU
		{2D3CE7B9-F2D7-4D63-B97C-E5D4C0BDEEEE}.Release|Mixed Platforms.ActiveCfg = Release|Any CPU
		{2D3CE7B9-F2D7-4D63-B97C-E5D4C0BDEEEE}.Release|Mixed Platforms.Build.0 = Release|Any CPU
		{2D3CE7B9-F2D7-4D63-B97C-E5D4C0BDEEEE}.Release|Win32.ActiveCfg = Release|Any CPU
		{2D3CE7B9-F2D7-4D63-B97C-E5D4C0BDEEEE}.Release|x64.ActiveCfg = Release|Any CPU
		{2D3CE7B9-F2D7-4D63-B97C-E5D4C0BDEEEE}.Release|x86.ActiveCfg = Release|Any CPU
		{BE1D8674-9297-4D40-81F3-D128EE1BFEA1}.Debug|.NET.ActiveCfg = Debug|Any CPU
		{BE1D8674-9297-4D40-81F3-D128EE1BFEA1}.Debug|Any CPU.ActiveCfg = Debug|Any CPU
		{BE1D8674-9297-4D40-81F3-D128EE1BFEA1}.Debug|Any CPU.Build.0 = Debug|Any CPU
		{BE1D8674-9297-4D40-81F3-D128EE1BFEA1}.Debug|Mixed Platforms.ActiveCfg = Debug|Any CPU
		{BE1D8674-9297-4D40-81F3-D128EE1BFEA1}.Debug|Mixed Platforms.Build.0 = Debug|Any CPU
		{BE1D8674-9297-4D40-81F3-D128EE1BFEA1}.Debug|Win32.ActiveCfg = Debug|Any CPU
		{BE1D8674-9297-4D40-81F3-D128EE1BFEA1}.Debug|x64.ActiveCfg = Debug|Any CPU
		{BE1D8674-9297-4D40-81F3-D128EE1BFEA1}.Debug|x86.ActiveCfg = Debug|Any CPU
		{BE1D8674-9297-4D40-81F3-D128EE1BFEA1}.Release|.NET.ActiveCfg = Release|Any CPU
		{BE1D8674-9297-4D40-81F3-D128EE1BFEA1}.Release|Any CPU.ActiveCfg = Release|Any CPU
		{BE1D8674-9297-4D40-81F3-D128EE1BFEA1}.Release|Any CPU.Build.0 = Release|Any CPU
		{BE1D8674-9297-4D40-81F3-D128EE1BFEA1}.Release|Mixed Platforms.ActiveCfg = Release|Any CPU
		{BE1D8674-9297-4D40-81F3-D128EE1BFEA1}.Release|Mixed Platforms.Build.0 = Release|Any CPU
		{BE1D8674-9297-4D40-81F3-D128EE1BFEA1}.Release|Win32.ActiveCfg = Release|Any CPU
		{BE1D8674-9297-4D40-81F3-D128EE1BFEA1}.Release|x64.ActiveCfg = Release|Any CPU
		{BE1D8674-9297-4D40-81F3-D128EE1BFEA1}.Release|x86.ActiveCfg = Release|Any CPU
	EndGlobalSection
	GlobalSection(SolutionProperties) = preSolution
		HideSolutionNode = FALSE
	EndGlobalSection
EndGlobal
